{
  "name": "urlchange-observable",
  "version": "0.0.1-alpha5",
  "lockfileVersion": 1,
  "requires": true,
  "dependencies": {
    "method-chain": {
      "version": "0.0.1-alpha2",
      "resolved": "https://npm.corp.kuaishou.com/method-chain/-/method-chain-0.0.1-alpha2.tgz",
      "integrity": "sha512-vS8gtqjiNIDRG49cR6aPF18S0QEKPCFzsGEzaMi7xLxsazCifNDWQXZTkpznP0Pd9cvOS9ZtMSUwv89Sgx8R9w=="
    },
    "observable": {
      "version": "0.0.1-alpha1",
      "resolved": "https://npm.corp.kuaishou.com/observable/-/observable-0.0.1-alpha1.tgz",
      "integrity": "sha512-oXYtD09gnHf7su/ULx7k/wPau7aOuM3aiiMAqjCWxJT2xeOYP8t9ooo0xqLyliMytpTmhSNhPJDC9No9R4rDoA=="
    }
  }
}
