{
  "name": "urlchange-observable",
  "version": "0.0.1-alpha9",
  "lockfileVersion": 1,
  "requires": true,
  "dependencies": {
    "observable": {
      "version": "0.0.1-alpha9",
      "resolved": "https://npm.corp.kuaishou.com/observable/-/observable-0.0.1-alpha9.tgz",
      "integrity": "sha512-h6NhxWLTLsSkD5nZF5Fsvt7yhZ6MfuZuzfLQQjd8t/e6xwxNiuFpFijar42lAsNDAAH7EmPzpqRgTydUoAcniA=="
    },
    "override-chain": {
      "version": "0.0.1-alpha1",
      "resolved": "https://npm.corp.kuaishou.com/override-chain/-/override-chain-0.0.1-alpha1.tgz",
      "integrity": "sha512-TIGicVViS0C8oSwqLYUl3bZd6ZvA1pdYkJEiPoVTxBIb1iTgE+NqCxflA8Lk80rLIvgczTOp4fRNm5/J2Yljug=="
    }
  }
}
