{
  "name": "urlchange-observable",
  "version": "1.0.0",
  "lockfileVersion": 1,
  "requires": true,
  "dependencies": {
    "lobservable": {
      "version": "0.0.1-alpha1",
      "resolved": "https://registry.npmjs.org/lobservable/-/lobservable-0.0.1-alpha1.tgz",
      "integrity": "sha512-bx2jY59xJQHIdkqgyj6cuDpJmgjrgfit9NTiKW+k+QN04iSmOaNmiQwlnOr2Yi8/+I/Vn+043Ki01JSX8TgxUQ=="
    }
  }
}
